
Microsoft Visual Studio Solution File, Format Version 12.00
# Visual Studio Version 17
VisualStudioVersion = 17.5.33516.290
MinimumVisualStudioVersion = 10.0.40219.1
Project("{9A19103F-16F7-4668-BE54-9A1E7A4F7556}") = "DbComp", "DbComp\DbComp.csproj", "{DA3EEE46-BFFF-422F-A6E3-E00DB9AD720E}"
EndProject
Project("{9A19103F-16F7-4668-BE54-9A1E7A4F7556}") = "ClassLibrary1", "ClassLibrary1\ClassLibrary1.csproj", "{70A8B0AA-1415-4F14-9148-616D308BFCF7}"
EndProject
Project("{2150E333-8FDC-42A3-9474-1A3956D46DE8}") = "Solution Items", "Solution Items", "{EA7B9212-D9A0-4610-BDCB-7F6B276AB23E}"
	ProjectSection(SolutionItems) = preProject
		.gitignore = .gitignore
	EndProjectSection
EndProject
Global
	GlobalSection(SolutionConfigurationPlatforms) = preSolution
		Debug|Any CPU = Debug|Any CPU
		Release|Any CPU = Release|Any CPU
	EndGlobalSection
	GlobalSection(ProjectConfigurationPlatforms) = postSolution
		{DA3EEE46-BFFF-422F-A6E3-E00DB9AD720E}.Debug|Any CPU.ActiveCfg = Debug|Any CPU
		{DA3EEE46-BFFF-422F-A6E3-E00DB9AD720E}.Debug|Any CPU.Build.0 = Debug|Any CPU
		{DA3EEE46-BFFF-422F-A6E3-E00DB9AD720E}.Release|Any CPU.ActiveCfg = Release|Any CPU
		{DA3EEE46-BFFF-422F-A6E3-E00DB9AD720E}.Release|Any CPU.Build.0 = Release|Any CPU
		{70A8B0AA-1415-4F14-9148-616D308BFCF7}.Debug|Any CPU.ActiveCfg = Debug|Any CPU
		{70A8B0AA-1415-4F14-9148-616D308BFCF7}.Debug|Any CPU.Build.0 = Debug|Any CPU
		{70A8B0AA-1415-4F14-9148-616D308BFCF7}.Release|Any CPU.ActiveCfg = Release|Any CPU
		{70A8B0AA-1415-4F14-9148-616D308BFCF7}.Release|Any CPU.Build.0 = Release|Any CPU
	EndGlobalSection
	GlobalSection(SolutionProperties) = preSolution
		HideSolutionNode = FALSE
	EndGlobalSection
	GlobalSection(ExtensibilityGlobals) = postSolution
		SolutionGuid = {620F56C5-5897-4418-9A65-05E0E8D92EE9}
	EndGlobalSection
EndGlobal
